// !$*UTF8*$!
{
	archiveVersion = 1;
	classes = {
	};
	objectVersion = 50;
	objects = {

/* Begin PBXBuildFile section */
		F897C52C22AE175400B14933 /* AppDelegate.swift in Sources */ = {isa = PBXBuildFile; fileRef = F897C52B22AE175400B14933 /* AppDelegate.swift */; };
		F897C52E22AE175400B14933 /* SceneDelegate.swift in Sources */ = {isa = PBXBuildFile; fileRef = F897C52D22AE175400B14933 /* SceneDelegate.swift */; };
		F897C53022AE175400B14933 /* ContentView.swift in Sources */ = {isa = PBXBuildFile; fileRef = F897C52F22AE175400B14933 /* ContentView.swift */; };
		F897C53222AE175500B14933 /* Assets.xcassets in Resources */ = {isa = PBXBuildFile; fileRef = F897C53122AE175500B14933 /* Assets.xcassets */; };
		F897C53522AE175500B14933 /* Preview Assets.xcassets in Resources */ = {isa = PBXBuildFile; fileRef = F897C53422AE175500B14933 /* Preview Assets.xcassets */; };
		F897C53822AE175500B14933 /* LaunchScreen.storyboard in Resources */ = {isa = PBXBuildFile; fileRef = F897C53622AE175500B14933 /* LaunchScreen.storyboard */; };
		F897C54322AE175500B14933 /* lifeTotalTests.swift in Sources */ = {isa = PBXBuildFile; fileRef = F897C54222AE175500B14933 /* lifeTotalTests.swift */; };
		F897C54E22AE175500B14933 /* lifeTotalUITests.swift in Sources */ = {isa = PBXBuildFile; fileRef = F897C54D22AE175500B14933 /* lifeTotalUITests.swift */; };
/* End PBXBuildFile section */

/* Begin PBXContainerItemProxy section */
		F897C53F22AE175500B14933 /* PBXContainerItemProxy */ = {
			isa = PBXContainerItemProxy;
			containerPortal = F897C52022AE175400B14933 /* Project object */;
			proxyType = 1;
			remoteGlobalIDString = F897C52722AE175400B14933;
			remoteInfo = lifeTotal;
		};
		F897C54A22AE175500B14933 /* PBXContainerItemProxy */ = {
			isa = PBXContainerItemProxy;
			containerPortal = F897C52022AE175400B14933 /* Project object */;
			proxyType = 1;
			remoteGlobalIDString = F897C52722AE175400B14933;
			remoteInfo = lifeTotal;
		};
/* End PBXContainerItemProxy section */

/* Begin PBXFileReference section */
		F897C52822AE175400B14933 /* lifeTotal.app */ = {isa = PBXFileReference; explicitFileType = wrapper.application; includeInIndex = 0; path = lifeTotal.app; sourceTree = BUILT_PRODUCTS_DIR; };
		F897C52B22AE175400B14933 /* AppDelegate.swift */ = {isa = PBXFileReference; lastKnownFileType = sourcecode.swift; path = AppDelegate.swift; sourceTree = "<group>"; };
		F897C52D22AE175400B14933 /* SceneDelegate.swift */ = {isa = PBXFileReference; lastKnownFileType = sourcecode.swift; path = SceneDelegate.swift; sourceTree = "<group>"; };
		F897C52F22AE175400B14933 /* ContentView.swift */ = {isa = PBXFileReference; lastKnownFileType = sourcecode.swift; path = ContentView.swift; sourceTree = "<group>"; };
		F897C53122AE175500B14933 /* Assets.xcassets */ = {isa = PBXFileReference; lastKnownFileType = folder.assetcatalog; path = Assets.xcassets; sourceTree = "<group>"; };
		F897C53422AE175500B14933 /* Preview Assets.xcassets */ = {isa = PBXFileReference; lastKnownFileType = folder.assetcatalog; path = "Preview Assets.xcassets"; sourceTree = "<group>"; };
		F897C53722AE175500B14933 /* Base */ = {isa = PBXFileReference; lastKnownFileType = file.storyboard; name = Base; path = Base.lproj/LaunchScreen.storyboard; sourceTree = "<group>"; };
		F897C53922AE175500B14933 /* Info.plist */ = {isa = PBXFileReference; lastKnownFileType = text.plist.xml; path = Info.plist; sourceTree = "<group>"; };
		F897C53E22AE175500B14933 /* lifeTotalTests.xctest */ = {isa = PBXFileReference; explicitFileType = wrapper.cfbundle; includeInIndex = 0; path = lifeTotalTests.xctest; sourceTree = BUILT_PRODUCTS_DIR; };
		F897C54222AE175500B14933 /* lifeTotalTests.swift */ = {isa = PBXFileReference; lastKnownFileType = sourcecode.swift; path = lifeTotalTests.swift; sourceTree = "<group>"; };
		F897C54422AE175500B14933 /* Info.plist */ = {isa = PBXFileReference; lastKnownFileType = text.plist.xml; path = Info.plist; sourceTree = "<group>"; };
		F897C54922AE175500B14933 /* lifeTotalUITests.xctest */ = {isa = PBXFileReference; explicitFileType = wrapper.cfbundle; includeInIndex = 0; path = lifeTotalUITests.xctest; sourceTree = BUILT_PRODUCTS_DIR; };
		F897C54D22AE175500B14933 /* lifeTotalUITests.swift */ = {isa = PBXFileReference; lastKnownFileType = sourcecode.swift; path = lifeTotalUITests.swift; sourceTree = "<group>"; };
		F897C54F22AE175500B14933 /* Info.plist */ = {isa = PBXFileReference; lastKnownFileType = text.plist.xml; path = Info.plist; sourceTree = "<group>"; };
/* End PBXFileReference section */

/* Begin PBXFrameworksBuildPhase section */
		F897C52522AE175400B14933 /* Frameworks */ = {
			isa = PBXFrameworksBuildPhase;
			buildActionMask = 2147483647;
			files = (
			);
			runOnlyForDeploymentPostprocessing = 0;
		};
		F897C53B22AE175500B14933 /* Frameworks */ = {
			isa = PBXFrameworksBuildPhase;
			buildActionMask = 2147483647;
			files = (
			);
			runOnlyForDeploymentPostprocessing = 0;
		};
		F897C54622AE175500B14933 /* Frameworks */ = {
			isa = PBXFrameworksBuildPhase;
			buildActionMask = 2147483647;
			files = (
			);
			runOnlyForDeploymentPostprocessing = 0;
		};
/* End PBXFrameworksBuildPhase section */

/* Begin PBXGroup section */
		F897C51F22AE175400B14933 = {
			isa = PBXGroup;
			children = (
				F897C52A22AE175400B14933 /* lifeTotal */,
				F897C54122AE175500B14933 /* lifeTotalTests */,
				F897C54C22AE175500B14933 /* lifeTotalUITests */,
				F897C52922AE175400B14933 /* Products */,
			);
			sourceTree = "<group>";
		};
		F897C52922AE175400B14933 /* Products */ = {
			isa = PBXGroup;
			children = (
				F897C52822AE175400B14933 /* lifeTotal.app */,
				F897C53E22AE175500B14933 /* lifeTotalTests.xctest */,
				F897C54922AE175500B14933 /* lifeTotalUITests.xctest */,
			);
			name = Products;
			sourceTree = "<group>";
		};
		F897C52A22AE175400B14933 /* lifeTotal */ = {
			isa = PBXGroup;
			children = (
				F897C52B22AE175400B14933 /* AppDelegate.swift */,
				F897C52D22AE175400B14933 /* SceneDelegate.swift */,
				F897C52F22AE175400B14933 /* ContentView.swift */,
				F897C53122AE175500B14933 /* Assets.xcassets */,
				F897C53622AE175500B14933 /* LaunchScreen.storyboard */,
				F897C53922AE175500B14933 /* Info.plist */,
				F897C53322AE175500B14933 /* Preview Content */,
			);
			path = lifeTotal;
			sourceTree = "<group>";
		};
		F897C53322AE175500B14933 /* Preview Content */ = {
			isa = PBXGroup;
			children = (
				F897C53422AE175500B14933 /* Preview Assets.xcassets */,
			);
			path = "Preview Content";
			sourceTree = "<group>";
		};
		F897C54122AE175500B14933 /* lifeTotalTests */ = {
			isa = PBXGroup;
			children = (
				F897C54222AE175500B14933 /* lifeTotalTests.swift */,
				F897C54422AE175500B14933 /* Info.plist */,
			);
			path = lifeTotalTests;
			sourceTree = "<group>";
		};
		F897C54C22AE175500B14933 /* lifeTotalUITests */ = {
			isa = PBXGroup;
			children = (
				F897C54D22AE175500B14933 /* lifeTotalUITests.swift */,
				F897C54F22AE175500B14933 /* Info.plist */,
			);
			path = lifeTotalUITests;
			sourceTree = "<group>";
		};
/* End PBXGroup section */

/* Begin PBXNativeTarget section */
		F897C52722AE175400B14933 /* lifeTotal */ = {
			isa = PBXNativeTarget;
			buildConfigurationList = F897C55222AE175500B14933 /* Build configuration list for PBXNativeTarget "lifeTotal" */;
			buildPhases = (
				F897C52422AE175400B14933 /* Sources */,
				F897C52522AE175400B14933 /* Frameworks */,
				F897C52622AE175400B14933 /* Resources */,
			);
			buildRules = (
			);
			dependencies = (
			);
			name = lifeTotal;
			productName = lifeTotal;
			productReference = F897C52822AE175400B14933 /* lifeTotal.app */;
			productType = "com.apple.product-type.application";
		};
		F897C53D22AE175500B14933 /* lifeTotalTests */ = {
			isa = PBXNativeTarget;
			buildConfigurationList = F897C55522AE175500B14933 /* Build configuration list for PBXNativeTarget "lifeTotalTests" */;
			buildPhases = (
				F897C53A22AE175500B14933 /* Sources */,
				F897C53B22AE175500B14933 /* Frameworks */,
				F897C53C22AE175500B14933 /* Resources */,
			);
			buildRules = (
			);
			dependencies = (
				F897C54022AE175500B14933 /* PBXTargetDependency */,
			);
			name = lifeTotalTests;
			productName = lifeTotalTests;
			productReference = F897C53E22AE175500B14933 /* lifeTotalTests.xctest */;
			productType = "com.apple.product-type.bundle.unit-test";
		};
		F897C54822AE175500B14933 /* lifeTotalUITests */ = {
			isa = PBXNativeTarget;
			buildConfigurationList = F897C55822AE175500B14933 /* Build configuration list for PBXNativeTarget "lifeTotalUITests" */;
			buildPhases = (
				F897C54522AE175500B14933 /* Sources */,
				F897C54622AE175500B14933 /* Frameworks */,
				F897C54722AE175500B14933 /* Resources */,
			);
			buildRules = (
			);
			dependencies = (
				F897C54B22AE175500B14933 /* PBXTargetDependency */,
			);
			name = lifeTotalUITests;
			productName = lifeTotalUITests;
			productReference = F897C54922AE175500B14933 /* lifeTotalUITests.xctest */;
			productType = "com.apple.product-type.bundle.ui-testing";
		};
/* End PBXNativeTarget section */

/* Begin PBXProject section */
		F897C52022AE175400B14933 /* Project object */ = {
			isa = PBXProject;
			attributes = {
				LastSwiftUpdateCheck = 1100;
				LastUpgradeCheck = 1100;
				ORGANIZATIONNAME = "Braden Bowdish";
				TargetAttributes = {
					F897C52722AE175400B14933 = {
						CreatedOnToolsVersion = 11.0;
					};
					F897C53D22AE175500B14933 = {
						CreatedOnToolsVersion = 11.0;
						TestTargetID = F897C52722AE175400B14933;
					};
					F897C54822AE175500B14933 = {
						CreatedOnToolsVersion = 11.0;
						TestTargetID = F897C52722AE175400B14933;
					};
				};
			};
			buildConfigurationList = F897C52322AE175400B14933 /* Build configuration list for PBXProject "lifeTotal" */;
			compatibilityVersion = "Xcode 9.3";
			developmentRegion = en;
			hasScannedForEncodings = 0;
			knownRegions = (
				en,
				Base,
			);
			mainGroup = F897C51F22AE175400B14933;
			productRefGroup = F897C52922AE175400B14933 /* Products */;
			projectDirPath = "";
			projectRoot = "";
			targets = (
				F897C52722AE175400B14933 /* lifeTotal */,
				F897C53D22AE175500B14933 /* lifeTotalTests */,
				F897C54822AE175500B14933 /* lifeTotalUITests */,
			);
		};
/* End PBXProject section */

/* Begin PBXResourcesBuildPhase section */
		F897C52622AE175400B14933 /* Resources */ = {
			isa = PBXResourcesBuildPhase;
			buildActionMask = 2147483647;
			files = (
				F897C53822AE175500B14933 /* LaunchScreen.storyboard in Resources */,
				F897C53522AE175500B14933 /* Preview Assets.xcassets in Resources */,
				F897C53222AE175500B14933 /* Assets.xcassets in Resources */,
			);
			runOnlyForDeploymentPostprocessing = 0;
		};
		F897C53C22AE175500B14933 /* Resources */ = {
			isa = PBXResourcesBuildPhase;
			buildActionMask = 2147483647;
			files = (
			);
			runOnlyForDeploymentPostprocessing = 0;
		};
		F897C54722AE175500B14933 /* Resources */ = {
			isa = PBXResourcesBuildPhase;
			buildActionMask = 2147483647;
			files = (
			);
			runOnlyForDeploymentPostprocessing = 0;
		};
/* End PBXResourcesBuildPhase section */

/* Begin PBXSourcesBuildPhase section */
		F897C52422AE175400B14933 /* Sources */ = {
			isa = PBXSourcesBuildPhase;
			buildActionMask = 2147483647;
			files = (
				F897C52C22AE175400B14933 /* AppDelegate.swift in Sources */,
				F897C52E22AE175400B14933 /* SceneDelegate.swift in Sources */,
				F897C53022AE175400B14933 /* ContentView.swift in Sources */,
			);
			runOnlyForDeploymentPostprocessing = 0;
		};
		F897C53A22AE175500B14933 /* Sources */ = {
			isa = PBXSourcesBuildPhase;
			buildActionMask = 2147483647;
			files = (
				F897C54322AE175500B14933 /* lifeTotalTests.swift in Sources */,
			);
			runOnlyForDeploymentPostprocessing = 0;
		};
		F897C54522AE175500B14933 /* Sources */ = {
			isa = PBXSourcesBuildPhase;
			buildActionMask = 2147483647;
			files = (
				F897C54E22AE175500B14933 /* lifeTotalUITests.swift in Sources */,
			);
			runOnlyForDeploymentPostprocessing = 0;
		};
/* End PBXSourcesBuildPhase section */

/* Begin PBXTargetDependency section */
		F897C54022AE175500B14933 /* PBXTargetDependency */ = {
			isa = PBXTargetDependency;
			target = F897C52722AE175400B14933 /* lifeTotal */;
			targetProxy = F897C53F22AE175500B14933 /* PBXContainerItemProxy */;
		};
		F897C54B22AE175500B14933 /* PBXTargetDependency */ = {
			isa = PBXTargetDependency;
			target = F897C52722AE175400B14933 /* lifeTotal */;
			targetProxy = F897C54A22AE175500B14933 /* PBXContainerItemProxy */;
		};
/* End PBXTargetDependency section */

/* Begin PBXVariantGroup section */
		F897C53622AE175500B14933 /* LaunchScreen.storyboard */ = {
			isa = PBXVariantGroup;
			children = (
				F897C53722AE175500B14933 /* Base */,
			);
			name = LaunchScreen.storyboard;
			sourceTree = "<group>";
		};
/* End PBXVariantGroup section */

/* Begin XCBuildConfiguration section */
		F897C55022AE175500B14933 /* Debug */ = {
			isa = XCBuildConfiguration;
			buildSettings = {
				ALWAYS_SEARCH_USER_PATHS = NO;
				CLANG_ANALYZER_NONNULL = YES;
				CLANG_ANALYZER_NUMBER_OBJECT_CONVERSION = YES_AGGRESSIVE;
				CLANG_CXX_LANGUAGE_STANDARD = "gnu++14";
				CLANG_CXX_LIBRARY = "libc++";
				CLANG_ENABLE_MODULES = YES;
				CLANG_ENABLE_OBJC_ARC = YES;
				CLANG_ENABLE_OBJC_WEAK = YES;
				CLANG_WARN_BLOCK_CAPTURE_AUTORELEASING = YES;
				CLANG_WARN_BOOL_CONVERSION = YES;
				CLANG_WARN_COMMA = YES;
				CLANG_WARN_CONSTANT_CONVERSION = YES;
				CLANG_WARN_DEPRECATED_OBJC_IMPLEMENTATIONS = YES;
				CLANG_WARN_DIRECT_OBJC_ISA_USAGE = YES_ERROR;
				CLANG_WARN_DOCUMENTATION_COMMENTS = YES;
				CLANG_WARN_EMPTY_BODY = YES;
				CLANG_WARN_ENUM_CONVERSION = YES;
				CLANG_WARN_INFINITE_RECURSION = YES;
				CLANG_WARN_INT_CONVERSION = YES;
				CLANG_WARN_NON_LITERAL_NULL_CONVERSION = YES;
				CLANG_WARN_OBJC_IMPLICIT_RETAIN_SELF = YES;
				CLANG_WARN_OBJC_LITERAL_CONVERSION = YES;
				CLANG_WARN_OBJC_ROOT_CLASS = YES_ERROR;
				CLANG_WARN_RANGE_LOOP_ANALYSIS = YES;
				CLANG_WARN_STRICT_PROTOTYPES = YES;
				CLANG_WARN_SUSPICIOUS_MOVE = YES;
				CLANG_WARN_UNGUARDED_AVAILABILITY = YES_AGGRESSIVE;
				CLANG_WARN_UNREACHABLE_CODE = YES;
				CLANG_WARN__DUPLICATE_METHOD_MATCH = YES;
				COPY_PHASE_STRIP = NO;
				DEBUG_INFORMATION_FORMAT = dwarf;
				ENABLE_STRICT_OBJC_MSGSEND = YES;
				ENABLE_TESTABILITY = YES;
				GCC_C_LANGUAGE_STANDARD = gnu11;
				GCC_DYNAMIC_NO_PIC = NO;
				GCC_NO_COMMON_BLOCKS = YES;
				GCC_OPTIMIZATION_LEVEL = 0;
				GCC_PREPROCESSOR_DEFINITIONS = (
					"DEBUG=1",
					"$(inherited)",
				);
				GCC_WARN_64_TO_32_BIT_CONVERSION = YES;
				GCC_WARN_ABOUT_RETURN_TYPE = YES_ERROR;
				GCC_WARN_UNDECLARED_SELECTOR = YES;
				GCC_WARN_UNINITIALIZED_AUTOS = YES_AGGRESSIVE;
				GCC_WARN_UNUSED_FUNCTION = YES;
				GCC_WARN_UNUSED_VARIABLE = YES;
				IPHONEOS_DEPLOYMENT_TARGET = 13.0;
				MTL_ENABLE_DEBUG_INFO = INCLUDE_SOURCE;
				MTL_FAST_MATH = YES;
				ONLY_ACTIVE_ARCH = YES;
				SDKROOT = iphoneos;
				SWIFT_ACTIVE_COMPILATION_CONDITIONS = DEBUG;
				SWIFT_OPTIMIZATION_LEVEL = "-Onone";
			};
			name = Debug;
		};
		F897C55122AE175500B14933 /* Release */ = {
			isa = XCBuildConfiguration;
			buildSettings = {
				ALWAYS_SEARCH_USER_PATHS = NO;
				CLANG_ANALYZER_NONNULL = YES;
				CLANG_ANALYZER_NUMBER_OBJECT_CONVERSION = YES_AGGRESSIVE;
				CLANG_CXX_LANGUAGE_STANDARD = "gnu++14";
				CLANG_CXX_LIBRARY = "libc++";
				CLANG_ENABLE_MODULES = YES;
				CLANG_ENABLE_OBJC_ARC = YES;
				CLANG_ENABLE_OBJC_WEAK = YES;
				CLANG_WARN_BLOCK_CAPTURE_AUTORELEASING = YES;
				CLANG_WARN_BOOL_CONVERSION = YES;
				CLANG_WARN_COMMA = YES;
				CLANG_WARN_CONSTANT_CONVERSION = YES;
				CLANG_WARN_DEPRECATED_OBJC_IMPLEMENTATIONS = YES;
				CLANG_WARN_DIRECT_OBJC_ISA_USAGE = YES_ERROR;
				CLANG_WARN_DOCUMENTATION_COMMENTS = YES;
				CLANG_WARN_EMPTY_BODY = YES;
				CLANG_WARN_ENUM_CONVERSION = YES;
				CLANG_WARN_INFINITE_RECURSION = YES;
				CLANG_WARN_INT_CONVERSION = YES;
				CLANG_WARN_NON_LITERAL_NULL_CONVERSION = YES;
				CLANG_WARN_OBJC_IMPLICIT_RETAIN_SELF = YES;
				CLANG_WARN_OBJC_LITERAL_CONVERSION = YES;
				CLANG_WARN_OBJC_ROOT_CLASS = YES_ERROR;
				CLANG_WARN_RANGE_LOOP_ANALYSIS = YES;
				CLANG_WARN_STRICT_PROTOTYPES = YES;
				CLANG_WARN_SUSPICIOUS_MOVE = YES;
				CLANG_WARN_UNGUARDED_AVAILABILITY = YES_AGGRESSIVE;
				CLANG_WARN_UNREACHABLE_CODE = YES;
				CLANG_WARN__DUPLICATE_METHOD_MATCH = YES;
				COPY_PHASE_STRIP = NO;
				DEBUG_INFORMATION_FORMAT = "dwarf-with-dsym";
				ENABLE_NS_ASSERTIONS = NO;
				ENABLE_STRICT_OBJC_MSGSEND = YES;
				GCC_C_LANGUAGE_STANDARD = gnu11;
				GCC_NO_COMMON_BLOCKS = YES;
				GCC_WARN_64_TO_32_BIT_CONVERSION = YES;
				GCC_WARN_ABOUT_RETURN_TYPE = YES_ERROR;
				GCC_WARN_UNDECLARED_SELECTOR = YES;
				GCC_WARN_UNINITIALIZED_AUTOS = YES_AGGRESSIVE;
				GCC_WARN_UNUSED_FUNCTION = YES;
				GCC_WARN_UNUSED_VARIABLE = YES;
				IPHONEOS_DEPLOYMENT_TARGET = 13.0;
				MTL_ENABLE_DEBUG_INFO = NO;
				MTL_FAST_MATH = YES;
				SDKROOT = iphoneos;
				SWIFT_COMPILATION_MODE = wholemodule;
				SWIFT_OPTIMIZATION_LEVEL = "-O";
				VALIDATE_PRODUCT = YES;
			};
			name = Release;
		};
		F897C55322AE175500B14933 /* Debug */ = {
			isa = XCBuildConfiguration;
			buildSettings = {
				ASSETCATALOG_COMPILER_APPICON_NAME = AppIcon;
				CODE_SIGN_STYLE = Automatic;
				DEVELOPMENT_ASSET_PATHS = "lifeTotal/Preview\\ Content";
				DEVELOPMENT_TEAM = XR8F2XMLAZ;
				ENABLE_PREVIEWS = YES;
				INFOPLIST_FILE = lifeTotal/Info.plist;
				LD_RUNPATH_SEARCH_PATHS = (
					"$(inherited)",
					"@executable_path/Frameworks",
				);
				PRODUCT_BUNDLE_IDENTIFIER = BradenBowdish.lifeTotal;
				PRODUCT_NAME = "$(TARGET_NAME)";
				SWIFT_VERSION = 5.0;
				TARGETED_DEVICE_FAMILY = "1,2";
			};
			name = Debug;
		};
		F897C55422AE175500B14933 /* Release */ = {
			isa = XCBuildConfiguration;
			buildSettings = {
				ASSETCATALOG_COMPILER_APPICON_NAME = AppIcon;
				CODE_SIGN_STYLE = Automatic;
				DEVELOPMENT_ASSET_PATHS = "lifeTotal/Preview\\ Content";
				DEVELOPMENT_TEAM = XR8F2XMLAZ;
				ENABLE_PREVIEWS = YES;
				INFOPLIST_FILE = lifeTotal/Info.plist;
				LD_RUNPATH_SEARCH_PATHS = (
					"$(inherited)",
					"@executable_path/Frameworks",
				);
				PRODUCT_BUNDLE_IDENTIFIER = BradenBowdish.lifeTotal;
				PRODUCT_NAME = "$(TARGET_NAME)";
				SWIFT_VERSION = 5.0;
				TARGETED_DEVICE_FAMILY = "1,2";
			};
			name = Release;
		};
		F897C55622AE175500B14933 /* Debug */ = {
			isa = XCBuildConfiguration;
			buildSettings = {
				ALWAYS_EMBED_SWIFT_STANDARD_LIBRARIES = YES;
				BUNDLE_LOADER = "$(TEST_HOST)";
				CODE_SIGN_STYLE = Automatic;
				DEVELOPMENT_TEAM = XR8F2XMLAZ;
				INFOPLIST_FILE = lifeTotalTests/Info.plist;
				LD_RUNPATH_SEARCH_PATHS = (
					"$(inherited)",
					"@executable_path/Frameworks",
					"@loader_path/Frameworks",
				);
				PRODUCT_BUNDLE_IDENTIFIER = BradenBowdish.lifeTotalTests;
				PRODUCT_NAME = "$(TARGET_NAME)";
				SWIFT_VERSION = 5.0;
				TARGETED_DEVICE_FAMILY = "1,2";
				TEST_HOST = "$(BUILT_PRODUCTS_DIR)/lifeTotal.app/lifeTotal";
			};
			name = Debug;
		};
		F897C55722AE175500B14933 /* Release */ = {
			isa = XCBuildConfiguration;
			buildSettings = {
				ALWAYS_EMBED_SWIFT_STANDARD_LIBRARIES = YES;
				BUNDLE_LOADER = "$(TEST_HOST)";
				CODE_SIGN_STYLE = Automatic;
				DEVELOPMENT_TEAM = XR8F2XMLAZ;
				INFOPLIST_FILE = lifeTotalTests/Info.plist;
				LD_RUNPATH_SEARCH_PATHS = (
					"$(inherited)",
					"@executable_path/Frameworks",
					"@loader_path/Frameworks",
				);
				PRODUCT_BUNDLE_IDENTIFIER = BradenBowdish.lifeTotalTests;
				PRODUCT_NAME = "$(TARGET_NAME)";
				SWIFT_VERSION = 5.0;
				TARGETED_DEVICE_FAMILY = "1,2";
				TEST_HOST = "$(BUILT_PRODUCTS_DIR)/lifeTotal.app/lifeTotal";
			};
			name = Release;
		};
		F897C55922AE175500B14933 /* Debug */ = {
			isa = XCBuildConfiguration;
			buildSettings = {
				ALWAYS_EMBED_SWIFT_STANDARD_LIBRARIES = YES;
				CODE_SIGN_STYLE = Automatic;
				DEVELOPMENT_TEAM = XR8F2XMLAZ;
				INFOPLIST_FILE = lifeTotalUITests/Info.plist;
				LD_RUNPATH_SEARCH_PATHS = (
					"$(inherited)",
					"@executable_path/Frameworks",
					"@loader_path/Frameworks",
				);
				PRODUCT_BUNDLE_IDENTIFIER = BradenBowdish.lifeTotalUITests;
				PRODUCT_NAME = "$(TARGET_NAME)";
				SWIFT_VERSION = 5.0;
				TARGETED_DEVICE_FAMILY = "1,2";
				TEST_TARGET_NAME = lifeTotal;
			};
			name = Debug;
		};
		F897C55A22AE175500B14933 /* Release */ = {
			isa = XCBuildConfiguration;
			buildSettings = {
				ALWAYS_EMBED_SWIFT_STANDARD_LIBRARIES = YES;
				CODE_SIGN_STYLE = Automatic;
				DEVELOPMENT_TEAM = XR8F2XMLAZ;
				INFOPLIST_FILE = lifeTotalUITests/Info.plist;
				LD_RUNPATH_SEARCH_PATHS = (
					"$(inherited)",
					"@executable_path/Frameworks",
					"@loader_path/Frameworks",
				);
				PRODUCT_BUNDLE_IDENTIFIER = BradenBowdish.lifeTotalUITests;
				PRODUCT_NAME = "$(TARGET_NAME)";
				SWIFT_VERSION = 5.0;
				TARGETED_DEVICE_FAMILY = "1,2";
				TEST_TARGET_NAME = lifeTotal;
			};
			name = Release;
		};
/* End XCBuildConfiguration section */

/* Begin XCConfigurationList section */
		F897C52322AE175400B14933 /* Build configuration list for PBXProject "lifeTotal" */ = {
			isa = XCConfigurationList;
			buildConfigurations = (
				F897C55022AE175500B14933 /* Debug */,
				F897C55122AE175500B14933 /* Release */,
			);
			defaultConfigurationIsVisible = 0;
			defaultConfigurationName = Release;
		};
		F897C55222AE175500B14933 /* Build configuration list for PBXNativeTarget "lifeTotal" */ = {
			isa = XCConfigurationList;
			buildConfigurations = (
				F897C55322AE175500B14933 /* Debug */,
				F897C55422AE175500B14933 /* Release */,
			);
			defaultConfigurationIsVisible = 0;
			defaultConfigurationName = Release;
		};
		F897C55522AE175500B14933 /* Build configuration list for PBXNativeTarget "lifeTotalTests" */ = {
			isa = XCConfigurationList;
			buildConfigurations = (
				F897C55622AE175500B14933 /* Debug */,
				F897C55722AE175500B14933 /* Release */,
			);
			defaultConfigurationIsVisible = 0;
			defaultConfigurationName = Release;
		};
		F897C55822AE175500B14933 /* Build configuration list for PBXNativeTarget "lifeTotalUITests" */ = {
			isa = XCConfigurationList;
			buildConfigurations = (
				F897C55922AE175500B14933 /* Debug */,
				F897C55A22AE175500B14933 /* Release */,
			);
			defaultConfigurationIsVisible = 0;
			defaultConfigurationName = Release;
		};
/* End XCConfigurationList section */
	};
	rootObject = F897C52022AE175400B14933 /* Project object */;
}
